
Microsoft Visual Studio Solution File, Format Version 12.00
# Visual Studio Version 17
VisualStudioVersion = 17.5.33530.505
MinimumVisualStudioVersion = 10.0.40219.1
Project("{FAE04EC0-301F-11D3-BF4B-00C04F79EFBC}") = "TelegramHelpBot", "TelegramHelpBot\TelegramHelpBot.csproj", "{16176399-33BD-44E5-99E3-28DD0F03B64C}"
EndProject
Global
	GlobalSection(SolutionConfigurationPlatforms) = preSolution
		Debug|Any CPU = Debug|Any CPU
		Release|Any CPU = Release|Any CPU
	EndGlobalSection
	GlobalSection(ProjectConfigurationPlatforms) = postSolution
		{16176399-33BD-44E5-99E3-28DD0F03B64C}.Debug|Any CPU.ActiveCfg = Debug|Any CPU
		{16176399-33BD-44E5-99E3-28DD0F03B64C}.Debug|Any CPU.Build.0 = Debug|Any CPU
		{16176399-33BD-44E5-99E3-28DD0F03B64C}.Release|Any CPU.ActiveCfg = Release|Any CPU
		{16176399-33BD-44E5-99E3-28DD0F03B64C}.Release|Any CPU.Build.0 = Release|Any CPU
	EndGlobalSection
	GlobalSection(SolutionProperties) = preSolution
		HideSolutionNode = FALSE
	EndGlobalSection
	GlobalSection(ExtensibilityGlobals) = postSolution
		SolutionGuid = {77634BE8-B46E-4BDE-8CD5-09741C8E6E2A}
	EndGlobalSection
EndGlobal
